
Microsoft Visual Studio Solution File, Format Version 12.00
# Visual Studio Version 16
VisualStudioVersion = 16.0.31313.79
MinimumVisualStudioVersion = 10.0.40219.1
Project("{FAE04EC0-301F-11D3-BF4B-00C04F79EFBC}") = "RestaurantBooking", "RestaurantBooking.csproj", "{C241999A-E1F9-4EBD-9551-12AB31A9A805}"
EndProject
Project("{FAE04EC0-301F-11D3-BF4B-00C04F79EFBC}") = "RestaurantBooking.Tests", "..\RestaurantBooking.Tests\RestaurantBooking.Tests.csproj", "{F572A540-3FCC-446D-A8DF-216C3C1D70D5}"
EndProject
Global
	GlobalSection(SolutionConfigurationPlatforms) = preSolution
		Debug|Any CPU = Debug|Any CPU
		Release|Any CPU = Release|Any CPU
	EndGlobalSection
	GlobalSection(ProjectConfigurationPlatforms) = postSolution
		{C241999A-E1F9-4EBD-9551-12AB31A9A805}.Debug|Any CPU.ActiveCfg = Debug|Any CPU
		{C241999A-E1F9-4EBD-9551-12AB31A9A805}.Debug|Any CPU.Build.0 = Debug|Any CPU
		{C241999A-E1F9-4EBD-9551-12AB31A9A805}.Release|Any CPU.ActiveCfg = Release|Any CPU
		{C241999A-E1F9-4EBD-9551-12AB31A9A805}.Release|Any CPU.Build.0 = Release|Any CPU
		{F572A540-3FCC-446D-A8DF-216C3C1D70D5}.Debug|Any CPU.ActiveCfg = Debug|Any CPU
		{F572A540-3FCC-446D-A8DF-216C3C1D70D5}.Debug|Any CPU.Build.0 = Debug|Any CPU
		{F572A540-3FCC-446D-A8DF-216C3C1D70D5}.Release|Any CPU.ActiveCfg = Release|Any CPU
		{F572A540-3FCC-446D-A8DF-216C3C1D70D5}.Release|Any CPU.Build.0 = Release|Any CPU
	EndGlobalSection
	GlobalSection(SolutionProperties) = preSolution
		HideSolutionNode = FALSE
	EndGlobalSection
	GlobalSection(ExtensibilityGlobals) = postSolution
		SolutionGuid = {B6A44F58-05BA-42D0-AAC2-1BD07A8E97C4}
	EndGlobalSection
EndGlobal
